
Microsoft Visual Studio Solution File, Format Version 12.00
# Visual Studio Version 17
VisualStudioVersion = 17.5.33516.290
MinimumVisualStudioVersion = 10.0.40219.1
Project("{FAE04EC0-301F-11D3-BF4B-00C04F79EFBC}") = "ConnectFour", "ConnectFour\ConnectFour.csproj", "{436BAFE3-45DD-4508-9494-BCA38DA64825}"
EndProject
Global
	GlobalSection(SolutionConfigurationPlatforms) = preSolution
		Debug|Any CPU = Debug|Any CPU
		Release|Any CPU = Release|Any CPU
	EndGlobalSection
	GlobalSection(ProjectConfigurationPlatforms) = postSolution
		{436BAFE3-45DD-4508-9494-BCA38DA64825}.Debug|Any CPU.ActiveCfg = Debug|Any CPU
		{436BAFE3-45DD-4508-9494-BCA38DA64825}.Debug|Any CPU.Build.0 = Debug|Any CPU
		{436BAFE3-45DD-4508-9494-BCA38DA64825}.Release|Any CPU.ActiveCfg = Release|Any CPU
		{436BAFE3-45DD-4508-9494-BCA38DA64825}.Release|Any CPU.Build.0 = Release|Any CPU
	EndGlobalSection
	GlobalSection(SolutionProperties) = preSolution
		HideSolutionNode = FALSE
	EndGlobalSection
	GlobalSection(ExtensibilityGlobals) = postSolution
		SolutionGuid = {C190AB56-230C-498F-8292-76B40F0C014E}
	EndGlobalSection
EndGlobal
